PODS:
  - custom_text_form_field_plus (0.0.1):
    - Flutter
  - Flutter (1.0.0)
  - flutter_local_notifications (0.0.1):
    - Flutter
  - image_picker_ios (0.0.1):
    - Flutter

DEPENDENCIES:
  - custom_text_form_field_plus (from `.symlinks/plugins/custom_text_form_field_plus/ios`)
  - Flutter (from `Flutter`)
  - flutter_local_notifications (from `.symlinks/plugins/flutter_local_notifications/ios`)
  - image_picker_ios (from `.symlinks/plugins/image_picker_ios/ios`)

EXTERNAL SOURCES:
  custom_text_form_field_plus:
    :path: ".symlinks/plugins/custom_text_form_field_plus/ios"
  Flutter:
    :path: Flutter
  flutter_local_notifications:
    :path: ".symlinks/plugins/flutter_local_notifications/ios"
  image_picker_ios:
    :path: ".symlinks/plugins/image_picker_ios/ios"

SPEC CHECKSUMS:
  custom_text_form_field_plus: db1d7182ad7f0676a0aee3f0562eccd7f7168820
  Flutter: e0871f40cf51350855a761d2e70bf5af5b9b5de7
  flutter_local_notifications: 4cde75091f6327eb8517fa068a0a5950212d2086
  image_picker_ios: c560581cceedb403a6ff17f2f816d7fea1421fc1

PODFILE CHECKSUM: 819463e6a0290f5a72f145ba7cde16e8b6ef0796

COCOAPODS: 1.16.2
